
Microsoft Visual Studio Solution File, Format Version 12.00
# Visual Studio Version 16
VisualStudioVersion = 16.0.30204.135
MinimumVisualStudioVersion = 10.0.40219.1
Project("{FAE04EC0-301F-11D3-BF4B-00C04F79EFBC}") = "Drones", "Drones\Drones.csproj", "{0516DC67-B77A-4D2E-8BF7-145573417758}"
EndProject
Global
	GlobalSection(SolutionConfigurationPlatforms) = preSolution
		Debug|Any CPU = Debug|Any CPU
		Release|Any CPU = Release|Any CPU
	EndGlobalSection
	GlobalSection(ProjectConfigurationPlatforms) = postSolution
		{0516DC67-B77A-4D2E-8BF7-145573417758}.Debug|Any CPU.ActiveCfg = Debug|Any CPU
		{0516DC67-B77A-4D2E-8BF7-145573417758}.Debug|Any CPU.Build.0 = Debug|Any CPU
		{0516DC67-B77A-4D2E-8BF7-145573417758}.Release|Any CPU.ActiveCfg = Release|Any CPU
		{0516DC67-B77A-4D2E-8BF7-145573417758}.Release|Any CPU.Build.0 = Release|Any CPU
	EndGlobalSection
	GlobalSection(SolutionProperties) = preSolution
		HideSolutionNode = FALSE
	EndGlobalSection
	GlobalSection(ExtensibilityGlobals) = postSolution
		SolutionGuid = {AA258691-9A28-4C60-B3AA-6C0E48014B4C}
	EndGlobalSection
EndGlobal
